
Microsoft Visual Studio Solution File, Format Version 12.00
# Visual Studio Version 16
VisualStudioVersion = 16.0.30011.22
MinimumVisualStudioVersion = 10.0.40219.1
Project("{9A19103F-16F7-4668-BE54-9A1E7A4F7556}") = "EmployeeManagerEngine", "EmployeeManagerEngine\EmployeeManagerEngine.csproj", "{DD6DD4C6-0B46-476E-8A82-799A80769512}"
EndProject
Project("{2150E333-8FDC-42A3-9474-1A3956D46DE8}") = "1 - Presentation", "1 - Presentation", "{CDBCE67A-EB24-4C26-BC4C-46B0E7972812}"
EndProject
Project("{2150E333-8FDC-42A3-9474-1A3956D46DE8}") = "2 - Domain", "2 - Domain", "{91D7E3F4-8C7B-45DE-B6FC-956FA32ABA60}"
EndProject
Project("{2150E333-8FDC-42A3-9474-1A3956D46DE8}") = "3 - Infra", "3 - Infra", "{B999E2BC-B637-47C0-80CF-44A9DBF4E211}"
EndProject
Project("{2150E333-8FDC-42A3-9474-1A3956D46DE8}") = "3.1 - Data", "3.1 - Data", "{56A13502-4C20-4C34-968C-E3A133376B5B}"
EndProject
Project("{2150E333-8FDC-42A3-9474-1A3956D46DE8}") = "3.2 - Cross Cutting", "3.2 - Cross Cutting", "{0DA2D5B9-AB2C-404F-958D-AFDABD79F5CC}"
EndProject
Project("{2150E333-8FDC-42A3-9474-1A3956D46DE8}") = "4 - Test", "4 - Test", "{E012E291-FF0B-491F-9CD9-8925A6134D1C}"
EndProject
Project("{FAE04EC0-301F-11D3-BF4B-00C04F79EFBC}") = "EmployeeManagerEngine.Core", "EmployeeManagerEngine.Core\EmployeeManagerEngine.Core.csproj", "{411433CE-219D-4733-B0DA-B29F881A244A}"
EndProject
Project("{FAE04EC0-301F-11D3-BF4B-00C04F79EFBC}") = "EmployeeManagerEngine.Test.Unit", "EmployeeManagerEngine.Test.Unit\EmployeeManagerEngine.Test.Unit.csproj", "{347580EB-FF6A-4896-8AE8-B84CF877F1A2}"
EndProject
Project("{FAE04EC0-301F-11D3-BF4B-00C04F79EFBC}") = "EmployeeManagerEngine.Data.Command", "EmployeeManagerEngine.Data.Command\EmployeeManagerEngine.Data.Command.csproj", "{17A06A56-D634-4FCB-B390-CCFCBD773CF3}"
EndProject
Project("{FAE04EC0-301F-11D3-BF4B-00C04F79EFBC}") = "EmployeeManagerEngine.Data.Query", "EmployeeManagerEngine.Data.Query\EmployeeManagerEngine.Data.Query.csproj", "{F34720BF-2340-4579-B61F-13F035ABC6AA}"
EndProject
Project("{FAE04EC0-301F-11D3-BF4B-00C04F79EFBC}") = "EmployeeManagerEngine.Mediator", "EmployeeManagerEngine.Mediator\EmployeeManagerEngine.Mediator.csproj", "{1C75A0A1-1AEE-4680-8F06-EB13AF721C75}"
EndProject
Project("{FAE04EC0-301F-11D3-BF4B-00C04F79EFBC}") = "EmployeeManagerEngine.Util", "EmployeeManagerEngine.Util\EmployeeManagerEngine.Util.csproj", "{E829E1E2-8C68-4E94-AF84-DAC1B0400B94}"
EndProject
Project("{FAE04EC0-301F-11D3-BF4B-00C04F79EFBC}") = "EmployeeManagerEngine.IoC", "EmployeeManagerEngine.IoC\EmployeeManagerEngine.IoC.csproj", "{0B7336B0-8A53-40E4-BCF8-46CFA42F7A2F}"
EndProject
Project("{FAE04EC0-301F-11D3-BF4B-00C04F79EFBC}") = "EmployeeManagerEngine.Interface", "EmployeeManagerEngine.Interface\EmployeeManagerEngine.Interface.csproj", "{872B7E49-1039-426D-8E11-C29113AC4A7F}"
EndProject
Project("{FAE04EC0-301F-11D3-BF4B-00C04F79EFBC}") = "EmployeeManagerEngine.Service", "EmployeeManagerEngine.Service\EmployeeManagerEngine.Service.csproj", "{030E6280-AF57-470F-A498-AE66B6E5A508}"
EndProject
Global
	GlobalSection(SolutionConfigurationPlatforms) = preSolution
		Debug|Any CPU = Debug|Any CPU
		Release|Any CPU = Release|Any CPU
	EndGlobalSection
	GlobalSection(ProjectConfigurationPlatforms) = postSolution
		{DD6DD4C6-0B46-476E-8A82-799A80769512}.Debug|Any CPU.ActiveCfg = Debug|Any CPU
		{DD6DD4C6-0B46-476E-8A82-799A80769512}.Debug|Any CPU.Build.0 = Debug|Any CPU
		{DD6DD4C6-0B46-476E-8A82-799A80769512}.Release|Any CPU.ActiveCfg = Release|Any CPU
		{DD6DD4C6-0B46-476E-8A82-799A80769512}.Release|Any CPU.Build.0 = Release|Any CPU
		{411433CE-219D-4733-B0DA-B29F881A244A}.Debug|Any CPU.ActiveCfg = Debug|Any CPU
		{411433CE-219D-4733-B0DA-B29F881A244A}.Debug|Any CPU.Build.0 = Debug|Any CPU
		{411433CE-219D-4733-B0DA-B29F881A244A}.Release|Any CPU.ActiveCfg = Release|Any CPU
		{411433CE-219D-4733-B0DA-B29F881A244A}.Release|Any CPU.Build.0 = Release|Any CPU
		{347580EB-FF6A-4896-8AE8-B84CF877F1A2}.Debug|Any CPU.ActiveCfg = Debug|Any CPU
		{347580EB-FF6A-4896-8AE8-B84CF877F1A2}.Debug|Any CPU.Build.0 = Debug|Any CPU
		{347580EB-FF6A-4896-8AE8-B84CF877F1A2}.Release|Any CPU.ActiveCfg = Release|Any CPU
		{347580EB-FF6A-4896-8AE8-B84CF877F1A2}.Release|Any CPU.Build.0 = Release|Any CPU
		{17A06A56-D634-4FCB-B390-CCFCBD773CF3}.Debug|Any CPU.ActiveCfg = Debug|Any CPU
		{17A06A56-D634-4FCB-B390-CCFCBD773CF3}.Debug|Any CPU.Build.0 = Debug|Any CPU
		{17A06A56-D634-4FCB-B390-CCFCBD773CF3}.Release|Any CPU.ActiveCfg = Release|Any CPU
		{17A06A56-D634-4FCB-B390-CCFCBD773CF3}.Release|Any CPU.Build.0 = Release|Any CPU
		{F34720BF-2340-4579-B61F-13F035ABC6AA}.Debug|Any CPU.ActiveCfg = Debug|Any CPU
		{F34720BF-2340-4579-B61F-13F035ABC6AA}.Debug|Any CPU.Build.0 = Debug|Any CPU
		{F34720BF-2340-4579-B61F-13F035ABC6AA}.Release|Any CPU.ActiveCfg = Release|Any CPU
		{F34720BF-2340-4579-B61F-13F035ABC6AA}.Release|Any CPU.Build.0 = Release|Any CPU
		{1C75A0A1-1AEE-4680-8F06-EB13AF721C75}.Debug|Any CPU.ActiveCfg = Debug|Any CPU
		{1C75A0A1-1AEE-4680-8F06-EB13AF721C75}.Debug|Any CPU.Build.0 = Debug|Any CPU
		{1C75A0A1-1AEE-4680-8F06-EB13AF721C75}.Release|Any CPU.ActiveCfg = Release|Any CPU
		{1C75A0A1-1AEE-4680-8F06-EB13AF721C75}.Release|Any CPU.Build.0 = Release|Any CPU
		{E829E1E2-8C68-4E94-AF84-DAC1B0400B94}.Debug|Any CPU.ActiveCfg = Debug|Any CPU
		{E829E1E2-8C68-4E94-AF84-DAC1B0400B94}.Debug|Any CPU.Build.0 = Debug|Any CPU
		{E829E1E2-8C68-4E94-AF84-DAC1B0400B94}.Release|Any CPU.ActiveCfg = Release|Any CPU
		{E829E1E2-8C68-4E94-AF84-DAC1B0400B94}.Release|Any CPU.Build.0 = Release|Any CPU
		{0B7336B0-8A53-40E4-BCF8-46CFA42F7A2F}.Debug|Any CPU.ActiveCfg = Debug|Any CPU
		{0B7336B0-8A53-40E4-BCF8-46CFA42F7A2F}.Debug|Any CPU.Build.0 = Debug|Any CPU
		{0B7336B0-8A53-40E4-BCF8-46CFA42F7A2F}.Release|Any CPU.ActiveCfg = Release|Any CPU
		{0B7336B0-8A53-40E4-BCF8-46CFA42F7A2F}.Release|Any CPU.Build.0 = Release|Any CPU
		{872B7E49-1039-426D-8E11-C29113AC4A7F}.Debug|Any CPU.ActiveCfg = Debug|Any CPU
		{872B7E49-1039-426D-8E11-C29113AC4A7F}.Debug|Any CPU.Build.0 = Debug|Any CPU
		{872B7E49-1039-426D-8E11-C29113AC4A7F}.Release|Any CPU.ActiveCfg = Release|Any CPU
		{872B7E49-1039-426D-8E11-C29113AC4A7F}.Release|Any CPU.Build.0 = Release|Any CPU
		{030E6280-AF57-470F-A498-AE66B6E5A508}.Debug|Any CPU.ActiveCfg = Debug|Any CPU
		{030E6280-AF57-470F-A498-AE66B6E5A508}.Debug|Any CPU.Build.0 = Debug|Any CPU
		{030E6280-AF57-470F-A498-AE66B6E5A508}.Release|Any CPU.ActiveCfg = Release|Any CPU
		{030E6280-AF57-470F-A498-AE66B6E5A508}.Release|Any CPU.Build.0 = Release|Any CPU
	EndGlobalSection
	GlobalSection(SolutionProperties) = preSolution
		HideSolutionNode = FALSE
	EndGlobalSection
	GlobalSection(NestedProjects) = preSolution
		{DD6DD4C6-0B46-476E-8A82-799A80769512} = {CDBCE67A-EB24-4C26-BC4C-46B0E7972812}
		{56A13502-4C20-4C34-968C-E3A133376B5B} = {B999E2BC-B637-47C0-80CF-44A9DBF4E211}
		{0DA2D5B9-AB2C-404F-958D-AFDABD79F5CC} = {B999E2BC-B637-47C0-80CF-44A9DBF4E211}
		{411433CE-219D-4733-B0DA-B29F881A244A} = {91D7E3F4-8C7B-45DE-B6FC-956FA32ABA60}
		{347580EB-FF6A-4896-8AE8-B84CF877F1A2} = {E012E291-FF0B-491F-9CD9-8925A6134D1C}
		{17A06A56-D634-4FCB-B390-CCFCBD773CF3} = {56A13502-4C20-4C34-968C-E3A133376B5B}
		{F34720BF-2340-4579-B61F-13F035ABC6AA} = {56A13502-4C20-4C34-968C-E3A133376B5B}
		{1C75A0A1-1AEE-4680-8F06-EB13AF721C75} = {0DA2D5B9-AB2C-404F-958D-AFDABD79F5CC}
		{E829E1E2-8C68-4E94-AF84-DAC1B0400B94} = {0DA2D5B9-AB2C-404F-958D-AFDABD79F5CC}
		{0B7336B0-8A53-40E4-BCF8-46CFA42F7A2F} = {0DA2D5B9-AB2C-404F-958D-AFDABD79F5CC}
		{872B7E49-1039-426D-8E11-C29113AC4A7F} = {91D7E3F4-8C7B-45DE-B6FC-956FA32ABA60}
		{030E6280-AF57-470F-A498-AE66B6E5A508} = {91D7E3F4-8C7B-45DE-B6FC-956FA32ABA60}
	EndGlobalSection
	GlobalSection(ExtensibilityGlobals) = postSolution
		SolutionGuid = {9BB0E8C0-B420-4D42-ADFD-D30775444970}
	EndGlobalSection
EndGlobal
